
Microsoft Visual Studio Solution File, Format Version 12.00
# Visual Studio Version 17
VisualStudioVersion = 17.2.32526.322
MinimumVisualStudioVersion = 10.0.40219.1
Project("{FAE04EC0-301F-11D3-BF4B-00C04F79EFBC}") = "Practic_3_10_1ConsoleApp1", "Practic_3_10_1ConsoleApp1\Practic_3_10_1ConsoleApp1.csproj", "{11782B9B-F0C0-4324-9A80-CA9E50854592}"
EndProject
Global
	GlobalSection(SolutionConfigurationPlatforms) = preSolution
		Debug|Any CPU = Debug|Any CPU
		Release|Any CPU = Release|Any CPU
	EndGlobalSection
	GlobalSection(ProjectConfigurationPlatforms) = postSolution
		{11782B9B-F0C0-4324-9A80-CA9E50854592}.Debug|Any CPU.ActiveCfg = Debug|Any CPU
		{11782B9B-F0C0-4324-9A80-CA9E50854592}.Debug|Any CPU.Build.0 = Debug|Any CPU
		{11782B9B-F0C0-4324-9A80-CA9E50854592}.Release|Any CPU.ActiveCfg = Release|Any CPU
		{11782B9B-F0C0-4324-9A80-CA9E50854592}.Release|Any CPU.Build.0 = Release|Any CPU
	EndGlobalSection
	GlobalSection(SolutionProperties) = preSolution
		HideSolutionNode = FALSE
	EndGlobalSection
	GlobalSection(ExtensibilityGlobals) = postSolution
		SolutionGuid = {9CFE5B33-77F2-495E-BDD1-1736791B164A}
	EndGlobalSection
EndGlobal
